
Microsoft Visual Studio Solution File, Format Version 12.00
# Visual Studio Version 16
VisualStudioVersion = 16.0.28803.156
MinimumVisualStudioVersion = 10.0.40219.1
Project("{8BC9CEB8-8B4A-11D0-8D11-00A0C91BC942}") = "低价买股票", "低价买股票.vcxproj", "{63389F1B-7BF2-4CAC-B9C5-C6E7F35F8C7E}"
EndProject
Global
	GlobalSection(SolutionConfigurationPlatforms) = preSolution
		Debug|x64 = Debug|x64
		Debug|x86 = Debug|x86
		Release|x64 = Release|x64
		Release|x86 = Release|x86
	EndGlobalSection
	GlobalSection(ProjectConfigurationPlatforms) = postSolution
		{63389F1B-7BF2-4CAC-B9C5-C6E7F35F8C7E}.Debug|x64.ActiveCfg = Debug|x64
		{63389F1B-7BF2-4CAC-B9C5-C6E7F35F8C7E}.Debug|x64.Build.0 = Debug|x64
		{63389F1B-7BF2-4CAC-B9C5-C6E7F35F8C7E}.Debug|x86.ActiveCfg = Debug|Win32
		{63389F1B-7BF2-4CAC-B9C5-C6E7F35F8C7E}.Debug|x86.Build.0 = Debug|Win32
		{63389F1B-7BF2-4CAC-B9C5-C6E7F35F8C7E}.Release|x64.ActiveCfg = Release|x64
		{63389F1B-7BF2-4CAC-B9C5-C6E7F35F8C7E}.Release|x64.Build.0 = Release|x64
		{63389F1B-7BF2-4CAC-B9C5-C6E7F35F8C7E}.Release|x86.ActiveCfg = Release|Win32
		{63389F1B-7BF2-4CAC-B9C5-C6E7F35F8C7E}.Release|x86.Build.0 = Release|Win32
	EndGlobalSection
	GlobalSection(SolutionProperties) = preSolution
		HideSolutionNode = FALSE
	EndGlobalSection
	GlobalSection(ExtensibilityGlobals) = postSolution
		SolutionGuid = {D9CDA8F7-B642-4BC4-815F-D5845043535A}
	EndGlobalSection
EndGlobal
