
Microsoft Visual Studio Solution File, Format Version 12.00
# Visual Studio 15
VisualStudioVersion = 15.0.28010.2046
MinimumVisualStudioVersion = 10.0.40219.1
Project("{8BC9CEB8-8B4A-11D0-8D11-00A0C91BC942}") = "ProcessorSeoulLA4254", "ProcessorSeoulLA4254\ProcessorSeoulLA4254.vcxproj", "{8507BBAE-B5B5-431B-8A69-000011261F37}"
EndProject
Global
	GlobalSection(SolutionConfigurationPlatforms) = preSolution
		Debug|x64 = Debug|x64
		Debug|x86 = Debug|x86
		Release|x64 = Release|x64
		Release|x86 = Release|x86
	EndGlobalSection
	GlobalSection(ProjectConfigurationPlatforms) = postSolution
		{8507BBAE-B5B5-431B-8A69-000011261F37}.Debug|x64.ActiveCfg = Debug|x64
		{8507BBAE-B5B5-431B-8A69-000011261F37}.Debug|x64.Build.0 = Debug|x64
		{8507BBAE-B5B5-431B-8A69-000011261F37}.Debug|x86.ActiveCfg = Debug|Win32
		{8507BBAE-B5B5-431B-8A69-000011261F37}.Debug|x86.Build.0 = Debug|Win32
		{8507BBAE-B5B5-431B-8A69-000011261F37}.Release|x64.ActiveCfg = Release|x64
		{8507BBAE-B5B5-431B-8A69-000011261F37}.Release|x64.Build.0 = Release|x64
		{8507BBAE-B5B5-431B-8A69-000011261F37}.Release|x86.ActiveCfg = Release|Win32
		{8507BBAE-B5B5-431B-8A69-000011261F37}.Release|x86.Build.0 = Release|Win32
	EndGlobalSection
	GlobalSection(SolutionProperties) = preSolution
		HideSolutionNode = FALSE
	EndGlobalSection
	GlobalSection(ExtensibilityGlobals) = postSolution
		SolutionGuid = {89E1AF31-9F9E-47E1-9838-1CDD6068BD16}
	EndGlobalSection
EndGlobal
