
Microsoft Visual Studio Solution File, Format Version 12.00
# Visual Studio 15
VisualStudioVersion = 15.0.28010.2046
MinimumVisualStudioVersion = 10.0.40219.1
Project("{8BC9CEB8-8B4A-11D0-8D11-00A0C91BC942}") = "WateringGrass10382", "WateringGrass10382\WateringGrass10382.vcxproj", "{A3015637-63AC-4783-9772-F30583B2E4F8}"
EndProject
Global
	GlobalSection(SolutionConfigurationPlatforms) = preSolution
		Debug|x64 = Debug|x64
		Debug|x86 = Debug|x86
		Release|x64 = Release|x64
		Release|x86 = Release|x86
	EndGlobalSection
	GlobalSection(ProjectConfigurationPlatforms) = postSolution
		{A3015637-63AC-4783-9772-F30583B2E4F8}.Debug|x64.ActiveCfg = Debug|x64
		{A3015637-63AC-4783-9772-F30583B2E4F8}.Debug|x64.Build.0 = Debug|x64
		{A3015637-63AC-4783-9772-F30583B2E4F8}.Debug|x86.ActiveCfg = Debug|Win32
		{A3015637-63AC-4783-9772-F30583B2E4F8}.Debug|x86.Build.0 = Debug|Win32
		{A3015637-63AC-4783-9772-F30583B2E4F8}.Release|x64.ActiveCfg = Release|x64
		{A3015637-63AC-4783-9772-F30583B2E4F8}.Release|x64.Build.0 = Release|x64
		{A3015637-63AC-4783-9772-F30583B2E4F8}.Release|x86.ActiveCfg = Release|Win32
		{A3015637-63AC-4783-9772-F30583B2E4F8}.Release|x86.Build.0 = Release|Win32
	EndGlobalSection
	GlobalSection(SolutionProperties) = preSolution
		HideSolutionNode = FALSE
	EndGlobalSection
	GlobalSection(ExtensibilityGlobals) = postSolution
		SolutionGuid = {994676B8-CD90-4D7C-B36E-DF98529FE66A}
	EndGlobalSection
EndGlobal
